lockfileVersion: '6.0'

settings:
  autoInstallPeers: true
  excludeLinksFromLockfile: false

dependencies:
  effect:
    specifier: ^2.0.0-next.60
    version: 2.0.0-next.60
  typescript:
    specifier: ^5.0.0
    version: 5.0.2

devDependencies:
  bun-types:
    specifier: latest
    version: 1.0.18

packages:

  /bun-types@1.0.18:
    resolution: {integrity: sha512-1XZ7AxOF8oO8FZtw1xj006JAKxEjulK3dUhsktZVN95vXBlsf4NIjQxfistVdpt24v3H2I9BwHp+UU+gXSSpAw==}
    dev: true

  /effect@2.0.0-next.60:
    resolution: {integrity: sha512-23KhlVACgrg5UPFu9i4szybSU4cCU4T/7CX4pe0jV84QBZX0zm96WzwCtg6dqOnmUzBL7hm6S+iiPW2Rab13Uw==}
    dev: false

  /typescript@5.0.2:
    resolution: {integrity: sha512-wVORMBGO/FAs/++blGNeAVdbNKtIh1rbBL2EyQ1+J9lClJ93KiiKe8PmFIVdXhHcyv44SL9oglmfeSsndo0jRw==}
    engines: {node: '>=12.20'}
    hasBin: true
    dev: false
